
Microsoft Visual Studio Solution File, Format Version 12.00
# Visual Studio Version 17
VisualStudioVersion = 17.0.31903.59
MinimumVisualStudioVersion = 10.0.40219.1
Project("{2150E333-8FDC-42A3-9474-1A3956D46DE8}") = "Algorithms", "Algorithms", "{5D26F3B0-2769-F421-9ACD-527FA886E1D4}"
EndProject
Project("{FAE04EC0-301F-11D3-BF4B-00C04F79EFBC}") = "algorithms", "Algorithms\algorithms.csproj", "{9A8D96C4-D421-4B3A-8AE6-447CBD59B848}"
EndProject
Global
	GlobalSection(SolutionConfigurationPlatforms) = preSolution
		Debug|Any CPU = Debug|Any CPU
		Debug|x64 = Debug|x64
		Debug|x86 = Debug|x86
		Release|Any CPU = Release|Any CPU
		Release|x64 = Release|x64
		Release|x86 = Release|x86
	EndGlobalSection
	GlobalSection(ProjectConfigurationPlatforms) = postSolution
		{9A8D96C4-D421-4B3A-8AE6-447CBD59B848}.Debug|Any CPU.ActiveCfg = Debug|Any CPU
		{9A8D96C4-D421-4B3A-8AE6-447CBD59B848}.Debug|Any CPU.Build.0 = Debug|Any CPU
		{9A8D96C4-D421-4B3A-8AE6-447CBD59B848}.Debug|x64.ActiveCfg = Debug|Any CPU
		{9A8D96C4-D421-4B3A-8AE6-447CBD59B848}.Debug|x64.Build.0 = Debug|Any CPU
		{9A8D96C4-D421-4B3A-8AE6-447CBD59B848}.Debug|x86.ActiveCfg = Debug|Any CPU
		{9A8D96C4-D421-4B3A-8AE6-447CBD59B848}.Debug|x86.Build.0 = Debug|Any CPU
		{9A8D96C4-D421-4B3A-8AE6-447CBD59B848}.Release|Any CPU.ActiveCfg = Release|Any CPU
		{9A8D96C4-D421-4B3A-8AE6-447CBD59B848}.Release|Any CPU.Build.0 = Release|Any CPU
		{9A8D96C4-D421-4B3A-8AE6-447CBD59B848}.Release|x64.ActiveCfg = Release|Any CPU
		{9A8D96C4-D421-4B3A-8AE6-447CBD59B848}.Release|x64.Build.0 = Release|Any CPU
		{9A8D96C4-D421-4B3A-8AE6-447CBD59B848}.Release|x86.ActiveCfg = Release|Any CPU
		{9A8D96C4-D421-4B3A-8AE6-447CBD59B848}.Release|x86.Build.0 = Release|Any CPU
	EndGlobalSection
	GlobalSection(SolutionProperties) = preSolution
		HideSolutionNode = FALSE
	EndGlobalSection
	GlobalSection(NestedProjects) = preSolution
		{9A8D96C4-D421-4B3A-8AE6-447CBD59B848} = {5D26F3B0-2769-F421-9ACD-527FA886E1D4}
	EndGlobalSection
EndGlobal
